
Microsoft Visual Studio Solution File, Format Version 12.00
# Visual Studio Version 16
VisualStudioVersion = 16.0.34031.81
MinimumVisualStudioVersion = 10.0.40219.1
Project("{2150E333-8FDC-42A3-9474-1A3956D46DE8}") = "Task0", "Task0", "{C2C90767-1F5A-47FD-A576-A9E9EA72C445}"
EndProject
Project("{FAE04EC0-301F-11D3-BF4B-00C04F79EFBC}") = "Tyuiu.PanasenkoRA.Sprint2.Task0.V0", "Tyuiu.PanasenkoRA.Sprint2.Task0.V0\Tyuiu.PanasenkoRA.Sprint2.Task0.V0.csproj", "{A091A91A-33F7-419F-B19C-E053C9ABF15D}"
EndProject
Project("{FAE04EC0-301F-11D3-BF4B-00C04F79EFBC}") = "Tyuiu.PanasenkoRA.Sprint2.Task0.V0.Lib", "Tyuiu.PanasenkoRA.Sprint2.Task0.V0.Lib\Tyuiu.PanasenkoRA.Sprint2.Task0.V0.Lib.csproj", "{0C47DED2-9A0B-4089-930D-E54A7FECA50B}"
EndProject
Project("{FAE04EC0-301F-11D3-BF4B-00C04F79EFBC}") = "Tyuiu.PanasenkoRA.Sprint2.Task0.V0.Test", "Tyuiu.PanasenkoRA.Sprint2.Task0.V0.Test\Tyuiu.PanasenkoRA.Sprint2.Task0.V0.Test.csproj", "{810CAFB0-AB36-4104-918F-DFED3378AA5D}"
EndProject
Project("{2150E333-8FDC-42A3-9474-1A3956D46DE8}") = "Task1", "Task1", "{0C1F1F03-0C92-438F-862E-7664B858D489}"
EndProject
Project("{FAE04EC0-301F-11D3-BF4B-00C04F79EFBC}") = "Tyuiu.PanasenkoRA.Sprint2.Task1.V0", "Tyuiu.PanasenkoRA.Sprint2.Task1.V0\Tyuiu.PanasenkoRA.Sprint2.Task1.V0.csproj", "{594270F3-3EF4-4B06-8916-FEF119CC88D3}"
EndProject
Project("{FAE04EC0-301F-11D3-BF4B-00C04F79EFBC}") = "Tyuiu.PanasenkoRA.Sprint2.Task1.V0.Lib", "Tyuiu.PanasenkoRA.Sprint2.Task1.V0.Lib\Tyuiu.PanasenkoRA.Sprint2.Task1.V0.Lib.csproj", "{745227BB-2FE8-4375-990A-C3108EFD3BD2}"
EndProject
Project("{FAE04EC0-301F-11D3-BF4B-00C04F79EFBC}") = "Tyuiu.PanasenkoRA.Sprint2.Task1.V0.Test", "Tyuiu.PanasenkoRA.Sprint2.Task1.V0.Test\Tyuiu.PanasenkoRA.Sprint2.Task1.V0.Test.csproj", "{3FF08E29-A978-4690-89F6-ED7914CDDFBD}"
EndProject
Project("{2150E333-8FDC-42A3-9474-1A3956D46DE8}") = "Task2", "Task2", "{E7AB0E75-3991-42A7-8AC2-161A43498128}"
EndProject
Project("{FAE04EC0-301F-11D3-BF4B-00C04F79EFBC}") = "Tyuiu.PanasenkoRA.Sprint2.Task2.V0", "Tyuiu.PanasenkoRA.Sprint2.Task2.V0\Tyuiu.PanasenkoRA.Sprint2.Task2.V0.csproj", "{88302097-A331-41F0-9D59-94972EC3BD3B}"
EndProject
Project("{FAE04EC0-301F-11D3-BF4B-00C04F79EFBC}") = "Tyuiu.PanasenkoRA.Sprint2.Task2.V0.Lib", "Tyuiu.PanasenkoRA.Sprint2.Task2.V0.Lib\Tyuiu.PanasenkoRA.Sprint2.Task2.V0.Lib.csproj", "{8C760E10-96FA-4328-8393-7572F2CE7794}"
EndProject
Project("{FAE04EC0-301F-11D3-BF4B-00C04F79EFBC}") = "Tyuiu.PanasenkoRA.Sprint2.Task2.V0.Test", "Tyuiu.PanasenkoRA.Sprint2.Task2.V0.Test\Tyuiu.PanasenkoRA.Sprint2.Task2.V0.Test.csproj", "{16CF50D1-7D27-43D8-9B19-FDC8F9897273}"
EndProject
Project("{2150E333-8FDC-42A3-9474-1A3956D46DE8}") = "Task3", "Task3", "{4F5D34A2-94D7-474F-AC70-BB5CA604ACBC}"
EndProject
Project("{FAE04EC0-301F-11D3-BF4B-00C04F79EFBC}") = "Tyuiu.PanasenkoRA.Sprint2.Task3.V0", "Tyuiu.PanasenkoRA.Sprint2.Task3.V0\Tyuiu.PanasenkoRA.Sprint2.Task3.V0.csproj", "{4846678B-2D20-4CA1-A239-BCBB1C3B8F66}"
EndProject
Project("{FAE04EC0-301F-11D3-BF4B-00C04F79EFBC}") = "Tyuiu.PanasenkoRA.Sprint2.Task3.V0.Lib", "Tyuiu.PanasenkoRA.Sprint2.Task3.V0.Lib\Tyuiu.PanasenkoRA.Sprint2.Task3.V0.Lib.csproj", "{E8BAB993-9319-4785-A3C3-672F9E1E6612}"
EndProject
Project("{FAE04EC0-301F-11D3-BF4B-00C04F79EFBC}") = "Tyuiu.PanasenkoRA.Sprint2.Task3.V0.Test", "Tyuiu.PanasenkoRA.Sprint2.Task3.V0.Test\Tyuiu.PanasenkoRA.Sprint2.Task3.V0.Test.csproj", "{346BC811-BAB1-42FB-8808-E701355C1026}"
EndProject
Project("{2150E333-8FDC-42A3-9474-1A3956D46DE8}") = "Task4", "Task4", "{8A3E4628-397C-41FC-A7FC-EFCEB7CD7299}"
EndProject
Project("{FAE04EC0-301F-11D3-BF4B-00C04F79EFBC}") = "Tyuiu.PanasenkoRA.Sprint2.Task4.V0", "Tyuiu.PanasenkoRA.Sprint2.Task4.V0\Tyuiu.PanasenkoRA.Sprint2.Task4.V0.csproj", "{E4EF8347-1384-4D25-89AF-C01E2EDBEFEF}"
EndProject
Project("{FAE04EC0-301F-11D3-BF4B-00C04F79EFBC}") = "Tyuiu.PanasenkoRA.Sprint2.Task4.V0.Lib", "Tyuiu.PanasenkoRA.Sprint2.Task4.V0.Lib\Tyuiu.PanasenkoRA.Sprint2.Task4.V0.Lib.csproj", "{636BEB61-92E5-4CE3-82DA-93509E5A00E8}"
EndProject
Project("{FAE04EC0-301F-11D3-BF4B-00C04F79EFBC}") = "Tyuiu.PanasenkoRA.Sprint2.Task4.V0.Test", "Tyuiu.PanasenkoRA.Sprint2.Task4.V0.Test\Tyuiu.PanasenkoRA.Sprint2.Task4.V0.Test.csproj", "{E08731D5-ADFC-4B62-B692-043A129F177E}"
EndProject
Project("{2150E333-8FDC-42A3-9474-1A3956D46DE8}") = "Task5", "Task5", "{4F804497-0896-4566-AC47-2F68F9275927}"
EndProject
Project("{FAE04EC0-301F-11D3-BF4B-00C04F79EFBC}") = "Tyuiu.PanasenkoRA.Sprint2.Task5.V0", "Tyuiu.PanasenkoRA.Sprint2.Task5.V0\Tyuiu.PanasenkoRA.Sprint2.Task5.V0.csproj", "{D56E23F1-BCDA-40F0-964F-4EF38C5BCDB9}"
EndProject
Project("{FAE04EC0-301F-11D3-BF4B-00C04F79EFBC}") = "Tyuiu.PanasenkoRA.Sprint2.Task5.V0.Lib", "Tyuiu.PanasenkoRA.Sprint2.Task5.V0.Lib\Tyuiu.PanasenkoRA.Sprint2.Task5.V0.Lib.csproj", "{E2ECCCF1-2700-4F5F-94B3-AE22DB57A560}"
EndProject
Project("{FAE04EC0-301F-11D3-BF4B-00C04F79EFBC}") = "Tyuiu.PanasenkoRA.Sprint2.Task5.V0.Test", "Tyuiu.PanasenkoRA.Sprint2.Task5.V0.Test\Tyuiu.PanasenkoRA.Sprint2.Task5.V0.Test.csproj", "{C10EFF22-01DE-4824-B9C9-EE6CB5219190}"
EndProject
Project("{2150E333-8FDC-42A3-9474-1A3956D46DE8}") = "Task6", "Task6", "{15B7C531-FEF8-4E54-86B4-2384CC9A1457}"
EndProject
Project("{FAE04EC0-301F-11D3-BF4B-00C04F79EFBC}") = "Tyuiu.PanasenkoRA.Sprint2.Task6.V0", "Tyuiu.PanasenkoRA.Sprint2.Task6.V0\Tyuiu.PanasenkoRA.Sprint2.Task6.V0.csproj", "{FDEB0A05-B908-4C6B-B032-FDD4BABB5FFF}"
EndProject
Project("{FAE04EC0-301F-11D3-BF4B-00C04F79EFBC}") = "Tyuiu.PanasenkoRA.Sprint2.Task6.V0.Lib", "Tyuiu.PanasenkoRA.Sprint2.Task6.V0.Lib\Tyuiu.PanasenkoRA.Sprint2.Task6.V0.Lib.csproj", "{DA0844FD-D374-4DE2-9D96-A3AE707EF204}"
EndProject
Project("{FAE04EC0-301F-11D3-BF4B-00C04F79EFBC}") = "Tyuiu.PanasenkoRA.Sprint2.Task6.V0.Test", "Tyuiu.PanasenkoRA.Sprint2.Task6.V0.Test\Tyuiu.PanasenkoRA.Sprint2.Task6.V0.Test.csproj", "{7F3557C2-0ADF-4E62-AA96-079417BB4416}"
EndProject
Project("{2150E333-8FDC-42A3-9474-1A3956D46DE8}") = "Task7", "Task7", "{92A7D2CF-34E0-468B-B978-397CFEB11A9F}"
EndProject
Project("{FAE04EC0-301F-11D3-BF4B-00C04F79EFBC}") = "Tyuiu.PanasenkoRA.Sprint2.Task7.V0", "Tyuiu.PanasenkoRA.Sprint2.Task7.V0\Tyuiu.PanasenkoRA.Sprint2.Task7.V0.csproj", "{69DA99D9-5C07-4805-A65E-A0C16A96104F}"
EndProject
Project("{FAE04EC0-301F-11D3-BF4B-00C04F79EFBC}") = "Tyuiu.PanasenkoRA.Sprint2.Task7.V0.Lib", "Tyuiu.PanasenkoRA.Sprint2.Task7.V0.Lib\Tyuiu.PanasenkoRA.Sprint2.Task7.V0.Lib.csproj", "{6BFE956E-D215-4621-8964-85F8823F3F20}"
EndProject
Project("{FAE04EC0-301F-11D3-BF4B-00C04F79EFBC}") = "Tyuiu.PanasenkoRA.Sprint2.Task7.V0.Test", "Tyuiu.PanasenkoRA.Sprint2.Task7.V0.Test\Tyuiu.PanasenkoRA.Sprint2.Task7.V0.Test.csproj", "{EC980E19-EE76-4948-B2AA-BCA7541FEB52}"
EndProject
Global
	GlobalSection(SolutionConfigurationPlatforms) = preSolution
		Debug|Any CPU = Debug|Any CPU
		Release|Any CPU = Release|Any CPU
	EndGlobalSection
	GlobalSection(ProjectConfigurationPlatforms) = postSolution
		{A091A91A-33F7-419F-B19C-E053C9ABF15D}.Debug|Any CPU.ActiveCfg = Debug|Any CPU
		{A091A91A-33F7-419F-B19C-E053C9ABF15D}.Debug|Any CPU.Build.0 = Debug|Any CPU
		{A091A91A-33F7-419F-B19C-E053C9ABF15D}.Release|Any CPU.ActiveCfg = Release|Any CPU
		{A091A91A-33F7-419F-B19C-E053C9ABF15D}.Release|Any CPU.Build.0 = Release|Any CPU
		{0C47DED2-9A0B-4089-930D-E54A7FECA50B}.Debug|Any CPU.ActiveCfg = Debug|Any CPU
		{0C47DED2-9A0B-4089-930D-E54A7FECA50B}.Debug|Any CPU.Build.0 = Debug|Any CPU
		{0C47DED2-9A0B-4089-930D-E54A7FECA50B}.Release|Any CPU.ActiveCfg = Release|Any CPU
		{0C47DED2-9A0B-4089-930D-E54A7FECA50B}.Release|Any CPU.Build.0 = Release|Any CPU
		{810CAFB0-AB36-4104-918F-DFED3378AA5D}.Debug|Any CPU.ActiveCfg = Debug|Any CPU
		{810CAFB0-AB36-4104-918F-DFED3378AA5D}.Debug|Any CPU.Build.0 = Debug|Any CPU
		{810CAFB0-AB36-4104-918F-DFED3378AA5D}.Release|Any CPU.ActiveCfg = Release|Any CPU
		{810CAFB0-AB36-4104-918F-DFED3378AA5D}.Release|Any CPU.Build.0 = Release|Any CPU
		{594270F3-3EF4-4B06-8916-FEF119CC88D3}.Debug|Any CPU.ActiveCfg = Debug|Any CPU
		{594270F3-3EF4-4B06-8916-FEF119CC88D3}.Debug|Any CPU.Build.0 = Debug|Any CPU
		{594270F3-3EF4-4B06-8916-FEF119CC88D3}.Release|Any CPU.ActiveCfg = Release|Any CPU
		{594270F3-3EF4-4B06-8916-FEF119CC88D3}.Release|Any CPU.Build.0 = Release|Any CPU
		{745227BB-2FE8-4375-990A-C3108EFD3BD2}.Debug|Any CPU.ActiveCfg = Debug|Any CPU
		{745227BB-2FE8-4375-990A-C3108EFD3BD2}.Debug|Any CPU.Build.0 = Debug|Any CPU
		{745227BB-2FE8-4375-990A-C3108EFD3BD2}.Release|Any CPU.ActiveCfg = Release|Any CPU
		{745227BB-2FE8-4375-990A-C3108EFD3BD2}.Release|Any CPU.Build.0 = Release|Any CPU
		{3FF08E29-A978-4690-89F6-ED7914CDDFBD}.Debug|Any CPU.ActiveCfg = Debug|Any CPU
		{3FF08E29-A978-4690-89F6-ED7914CDDFBD}.Debug|Any CPU.Build.0 = Debug|Any CPU
		{3FF08E29-A978-4690-89F6-ED7914CDDFBD}.Release|Any CPU.ActiveCfg = Release|Any CPU
		{3FF08E29-A978-4690-89F6-ED7914CDDFBD}.Release|Any CPU.Build.0 = Release|Any CPU
		{88302097-A331-41F0-9D59-94972EC3BD3B}.Debug|Any CPU.ActiveCfg = Debug|Any CPU
		{88302097-A331-41F0-9D59-94972EC3BD3B}.Debug|Any CPU.Build.0 = Debug|Any CPU
		{88302097-A331-41F0-9D59-94972EC3BD3B}.Release|Any CPU.ActiveCfg = Release|Any CPU
		{88302097-A331-41F0-9D59-94972EC3BD3B}.Release|Any CPU.Build.0 = Release|Any CPU
		{8C760E10-96FA-4328-8393-7572F2CE7794}.Debug|Any CPU.ActiveCfg = Debug|Any CPU
		{8C760E10-96FA-4328-8393-7572F2CE7794}.Debug|Any CPU.Build.0 = Debug|Any CPU
		{8C760E10-96FA-4328-8393-7572F2CE7794}.Release|Any CPU.ActiveCfg = Release|Any CPU
		{8C760E10-96FA-4328-8393-7572F2CE7794}.Release|Any CPU.Build.0 = Release|Any CPU
		{16CF50D1-7D27-43D8-9B19-FDC8F9897273}.Debug|Any CPU.ActiveCfg = Debug|Any CPU
		{16CF50D1-7D27-43D8-9B19-FDC8F9897273}.Debug|Any CPU.Build.0 = Debug|Any CPU
		{16CF50D1-7D27-43D8-9B19-FDC8F9897273}.Release|Any CPU.ActiveCfg = Release|Any CPU
		{16CF50D1-7D27-43D8-9B19-FDC8F9897273}.Release|Any CPU.Build.0 = Release|Any CPU
		{4846678B-2D20-4CA1-A239-BCBB1C3B8F66}.Debug|Any CPU.ActiveCfg = Debug|Any CPU
		{4846678B-2D20-4CA1-A239-BCBB1C3B8F66}.Debug|Any CPU.Build.0 = Debug|Any CPU
		{4846678B-2D20-4CA1-A239-BCBB1C3B8F66}.Release|Any CPU.ActiveCfg = Release|Any CPU
		{4846678B-2D20-4CA1-A239-BCBB1C3B8F66}.Release|Any CPU.Build.0 = Release|Any CPU
		{E8BAB993-9319-4785-A3C3-672F9E1E6612}.Debug|Any CPU.ActiveCfg = Debug|Any CPU
		{E8BAB993-9319-4785-A3C3-672F9E1E6612}.Debug|Any CPU.Build.0 = Debug|Any CPU
		{E8BAB993-9319-4785-A3C3-672F9E1E6612}.Release|Any CPU.ActiveCfg = Release|Any CPU
		{E8BAB993-9319-4785-A3C3-672F9E1E6612}.Release|Any CPU.Build.0 = Release|Any CPU
		{346BC811-BAB1-42FB-8808-E701355C1026}.Debug|Any CPU.ActiveCfg = Debug|Any CPU
		{346BC811-BAB1-42FB-8808-E701355C1026}.Debug|Any CPU.Build.0 = Debug|Any CPU
		{346BC811-BAB1-42FB-8808-E701355C1026}.Release|Any CPU.ActiveCfg = Release|Any CPU
		{346BC811-BAB1-42FB-8808-E701355C1026}.Release|Any CPU.Build.0 = Release|Any CPU
		{E4EF8347-1384-4D25-89AF-C01E2EDBEFEF}.Debug|Any CPU.ActiveCfg = Debug|Any CPU
		{E4EF8347-1384-4D25-89AF-C01E2EDBEFEF}.Debug|Any CPU.Build.0 = Debug|Any CPU
		{E4EF8347-1384-4D25-89AF-C01E2EDBEFEF}.Release|Any CPU.ActiveCfg = Release|Any CPU
		{E4EF8347-1384-4D25-89AF-C01E2EDBEFEF}.Release|Any CPU.Build.0 = Release|Any CPU
		{636BEB61-92E5-4CE3-82DA-93509E5A00E8}.Debug|Any CPU.ActiveCfg = Debug|Any CPU
		{636BEB61-92E5-4CE3-82DA-93509E5A00E8}.Debug|Any CPU.Build.0 = Debug|Any CPU
		{636BEB61-92E5-4CE3-82DA-93509E5A00E8}.Release|Any CPU.ActiveCfg = Release|Any CPU
		{636BEB61-92E5-4CE3-82DA-93509E5A00E8}.Release|Any CPU.Build.0 = Release|Any CPU
		{E08731D5-ADFC-4B62-B692-043A129F177E}.Debug|Any CPU.ActiveCfg = Debug|Any CPU
		{E08731D5-ADFC-4B62-B692-043A129F177E}.Debug|Any CPU.Build.0 = Debug|Any CPU
		{E08731D5-ADFC-4B62-B692-043A129F177E}.Release|Any CPU.ActiveCfg = Release|Any CPU
		{E08731D5-ADFC-4B62-B692-043A129F177E}.Release|Any CPU.Build.0 = Release|Any CPU
		{D56E23F1-BCDA-40F0-964F-4EF38C5BCDB9}.Debug|Any CPU.ActiveCfg = Debug|Any CPU
		{D56E23F1-BCDA-40F0-964F-4EF38C5BCDB9}.Debug|Any CPU.Build.0 = Debug|Any CPU
		{D56E23F1-BCDA-40F0-964F-4EF38C5BCDB9}.Release|Any CPU.ActiveCfg = Release|Any CPU
		{D56E23F1-BCDA-40F0-964F-4EF38C5BCDB9}.Release|Any CPU.Build.0 = Release|Any CPU
		{E2ECCCF1-2700-4F5F-94B3-AE22DB57A560}.Debug|Any CPU.ActiveCfg = Debug|Any CPU
		{E2ECCCF1-2700-4F5F-94B3-AE22DB57A560}.Debug|Any CPU.Build.0 = Debug|Any CPU
		{E2ECCCF1-2700-4F5F-94B3-AE22DB57A560}.Release|Any CPU.ActiveCfg = Release|Any CPU
		{E2ECCCF1-2700-4F5F-94B3-AE22DB57A560}.Release|Any CPU.Build.0 = Release|Any CPU
		{C10EFF22-01DE-4824-B9C9-EE6CB5219190}.Debug|Any CPU.ActiveCfg = Debug|Any CPU
		{C10EFF22-01DE-4824-B9C9-EE6CB5219190}.Debug|Any CPU.Build.0 = Debug|Any CPU
		{C10EFF22-01DE-4824-B9C9-EE6CB5219190}.Release|Any CPU.ActiveCfg = Release|Any CPU
		{C10EFF22-01DE-4824-B9C9-EE6CB5219190}.Release|Any CPU.Build.0 = Release|Any CPU
		{FDEB0A05-B908-4C6B-B032-FDD4BABB5FFF}.Debug|Any CPU.ActiveCfg = Debug|Any CPU
		{FDEB0A05-B908-4C6B-B032-FDD4BABB5FFF}.Debug|Any CPU.Build.0 = Debug|Any CPU
		{FDEB0A05-B908-4C6B-B032-FDD4BABB5FFF}.Release|Any CPU.ActiveCfg = Release|Any CPU
		{FDEB0A05-B908-4C6B-B032-FDD4BABB5FFF}.Release|Any CPU.Build.0 = Release|Any CPU
		{DA0844FD-D374-4DE2-9D96-A3AE707EF204}.Debug|Any CPU.ActiveCfg = Debug|Any CPU
		{DA0844FD-D374-4DE2-9D96-A3AE707EF204}.Debug|Any CPU.Build.0 = Debug|Any CPU
		{DA0844FD-D374-4DE2-9D96-A3AE707EF204}.Release|Any CPU.ActiveCfg = Release|Any CPU
		{DA0844FD-D374-4DE2-9D96-A3AE707EF204}.Release|Any CPU.Build.0 = Release|Any CPU
		{7F3557C2-0ADF-4E62-AA96-079417BB4416}.Debug|Any CPU.ActiveCfg = Debug|Any CPU
		{7F3557C2-0ADF-4E62-AA96-079417BB4416}.Debug|Any CPU.Build.0 = Debug|Any CPU
		{7F3557C2-0ADF-4E62-AA96-079417BB4416}.Release|Any CPU.ActiveCfg = Release|Any CPU
		{7F3557C2-0ADF-4E62-AA96-079417BB4416}.Release|Any CPU.Build.0 = Release|Any CPU
		{69DA99D9-5C07-4805-A65E-A0C16A96104F}.Debug|Any CPU.ActiveCfg = Debug|Any CPU
		{69DA99D9-5C07-4805-A65E-A0C16A96104F}.Debug|Any CPU.Build.0 = Debug|Any CPU
		{69DA99D9-5C07-4805-A65E-A0C16A96104F}.Release|Any CPU.ActiveCfg = Release|Any CPU
		{69DA99D9-5C07-4805-A65E-A0C16A96104F}.Release|Any CPU.Build.0 = Release|Any CPU
		{6BFE956E-D215-4621-8964-85F8823F3F20}.Debug|Any CPU.ActiveCfg = Debug|Any CPU
		{6BFE956E-D215-4621-8964-85F8823F3F20}.Debug|Any CPU.Build.0 = Debug|Any CPU
		{6BFE956E-D215-4621-8964-85F8823F3F20}.Release|Any CPU.ActiveCfg = Release|Any CPU
		{6BFE956E-D215-4621-8964-85F8823F3F20}.Release|Any CPU.Build.0 = Release|Any CPU
		{EC980E19-EE76-4948-B2AA-BCA7541FEB52}.Debug|Any CPU.ActiveCfg = Debug|Any CPU
		{EC980E19-EE76-4948-B2AA-BCA7541FEB52}.Debug|Any CPU.Build.0 = Debug|Any CPU
		{EC980E19-EE76-4948-B2AA-BCA7541FEB52}.Release|Any CPU.ActiveCfg = Release|Any CPU
		{EC980E19-EE76-4948-B2AA-BCA7541FEB52}.Release|Any CPU.Build.0 = Release|Any CPU
	EndGlobalSection
	GlobalSection(SolutionProperties) = preSolution
		HideSolutionNode = FALSE
	EndGlobalSection
	GlobalSection(NestedProjects) = preSolution
		{A091A91A-33F7-419F-B19C-E053C9ABF15D} = {C2C90767-1F5A-47FD-A576-A9E9EA72C445}
		{0C47DED2-9A0B-4089-930D-E54A7FECA50B} = {C2C90767-1F5A-47FD-A576-A9E9EA72C445}
		{810CAFB0-AB36-4104-918F-DFED3378AA5D} = {C2C90767-1F5A-47FD-A576-A9E9EA72C445}
		{594270F3-3EF4-4B06-8916-FEF119CC88D3} = {0C1F1F03-0C92-438F-862E-7664B858D489}
		{745227BB-2FE8-4375-990A-C3108EFD3BD2} = {0C1F1F03-0C92-438F-862E-7664B858D489}
		{3FF08E29-A978-4690-89F6-ED7914CDDFBD} = {0C1F1F03-0C92-438F-862E-7664B858D489}
		{88302097-A331-41F0-9D59-94972EC3BD3B} = {E7AB0E75-3991-42A7-8AC2-161A43498128}
		{8C760E10-96FA-4328-8393-7572F2CE7794} = {E7AB0E75-3991-42A7-8AC2-161A43498128}
		{16CF50D1-7D27-43D8-9B19-FDC8F9897273} = {E7AB0E75-3991-42A7-8AC2-161A43498128}
		{4846678B-2D20-4CA1-A239-BCBB1C3B8F66} = {4F5D34A2-94D7-474F-AC70-BB5CA604ACBC}
		{E8BAB993-9319-4785-A3C3-672F9E1E6612} = {4F5D34A2-94D7-474F-AC70-BB5CA604ACBC}
		{346BC811-BAB1-42FB-8808-E701355C1026} = {4F5D34A2-94D7-474F-AC70-BB5CA604ACBC}
		{E4EF8347-1384-4D25-89AF-C01E2EDBEFEF} = {8A3E4628-397C-41FC-A7FC-EFCEB7CD7299}
		{636BEB61-92E5-4CE3-82DA-93509E5A00E8} = {8A3E4628-397C-41FC-A7FC-EFCEB7CD7299}
		{E08731D5-ADFC-4B62-B692-043A129F177E} = {8A3E4628-397C-41FC-A7FC-EFCEB7CD7299}
		{D56E23F1-BCDA-40F0-964F-4EF38C5BCDB9} = {4F804497-0896-4566-AC47-2F68F9275927}
		{E2ECCCF1-2700-4F5F-94B3-AE22DB57A560} = {4F804497-0896-4566-AC47-2F68F9275927}
		{C10EFF22-01DE-4824-B9C9-EE6CB5219190} = {4F804497-0896-4566-AC47-2F68F9275927}
		{FDEB0A05-B908-4C6B-B032-FDD4BABB5FFF} = {15B7C531-FEF8-4E54-86B4-2384CC9A1457}
		{DA0844FD-D374-4DE2-9D96-A3AE707EF204} = {15B7C531-FEF8-4E54-86B4-2384CC9A1457}
		{7F3557C2-0ADF-4E62-AA96-079417BB4416} = {15B7C531-FEF8-4E54-86B4-2384CC9A1457}
		{69DA99D9-5C07-4805-A65E-A0C16A96104F} = {92A7D2CF-34E0-468B-B978-397CFEB11A9F}
		{6BFE956E-D215-4621-8964-85F8823F3F20} = {92A7D2CF-34E0-468B-B978-397CFEB11A9F}
		{EC980E19-EE76-4948-B2AA-BCA7541FEB52} = {92A7D2CF-34E0-468B-B978-397CFEB11A9F}
	EndGlobalSection
	GlobalSection(ExtensibilityGlobals) = postSolution
		SolutionGuid = {9F6D4482-8641-442F-B2E6-B99DD9299A00}
	EndGlobalSection
EndGlobal
