
Microsoft Visual Studio Solution File, Format Version 12.00
# Visual Studio Version 16
VisualStudioVersion = 16.0.34031.81
MinimumVisualStudioVersion = 10.0.40219.1
Project("{2150E333-8FDC-42A3-9474-1A3956D46DE8}") = "Task0", "Task0", "{C2C90767-1F5A-47FD-A576-A9E9EA72C445}"
EndProject
Project("{FAE04EC0-301F-11D3-BF4B-00C04F79EFBC}") = "Tyuiu.PanasenkoRA.Sprint2.Task0.V0", "Tyuiu.PanasenkoRA.Sprint2.Task0.V0\Tyuiu.PanasenkoRA.Sprint2.Task0.V0.csproj", "{A091A91A-33F7-419F-B19C-E053C9ABF15D}"
EndProject
Project("{FAE04EC0-301F-11D3-BF4B-00C04F79EFBC}") = "Tyuiu.PanasenkoRA.Sprint2.Task0.V0.Lib", "Tyuiu.PanasenkoRA.Sprint2.Task0.V0.Lib\Tyuiu.PanasenkoRA.Sprint2.Task0.V0.Lib.csproj", "{0C47DED2-9A0B-4089-930D-E54A7FECA50B}"
EndProject
Project("{FAE04EC0-301F-11D3-BF4B-00C04F79EFBC}") = "Tyuiu.PanasenkoRA.Sprint2.Task0.V0.Test", "Tyuiu.PanasenkoRA.Sprint2.Task0.V0.Test\Tyuiu.PanasenkoRA.Sprint2.Task0.V0.Test.csproj", "{810CAFB0-AB36-4104-918F-DFED3378AA5D}"
EndProject
Global
	GlobalSection(SolutionConfigurationPlatforms) = preSolution
		Debug|Any CPU = Debug|Any CPU
		Release|Any CPU = Release|Any CPU
	EndGlobalSection
	GlobalSection(ProjectConfigurationPlatforms) = postSolution
		{A091A91A-33F7-419F-B19C-E053C9ABF15D}.Debug|Any CPU.ActiveCfg = Debug|Any CPU
		{A091A91A-33F7-419F-B19C-E053C9ABF15D}.Debug|Any CPU.Build.0 = Debug|Any CPU
		{A091A91A-33F7-419F-B19C-E053C9ABF15D}.Release|Any CPU.ActiveCfg = Release|Any CPU
		{A091A91A-33F7-419F-B19C-E053C9ABF15D}.Release|Any CPU.Build.0 = Release|Any CPU
		{0C47DED2-9A0B-4089-930D-E54A7FECA50B}.Debug|Any CPU.ActiveCfg = Debug|Any CPU
		{0C47DED2-9A0B-4089-930D-E54A7FECA50B}.Debug|Any CPU.Build.0 = Debug|Any CPU
		{0C47DED2-9A0B-4089-930D-E54A7FECA50B}.Release|Any CPU.ActiveCfg = Release|Any CPU
		{0C47DED2-9A0B-4089-930D-E54A7FECA50B}.Release|Any CPU.Build.0 = Release|Any CPU
		{810CAFB0-AB36-4104-918F-DFED3378AA5D}.Debug|Any CPU.ActiveCfg = Debug|Any CPU
		{810CAFB0-AB36-4104-918F-DFED3378AA5D}.Debug|Any CPU.Build.0 = Debug|Any CPU
		{810CAFB0-AB36-4104-918F-DFED3378AA5D}.Release|Any CPU.ActiveCfg = Release|Any CPU
		{810CAFB0-AB36-4104-918F-DFED3378AA5D}.Release|Any CPU.Build.0 = Release|Any CPU
	EndGlobalSection
	GlobalSection(SolutionProperties) = preSolution
		HideSolutionNode = FALSE
	EndGlobalSection
	GlobalSection(NestedProjects) = preSolution
		{A091A91A-33F7-419F-B19C-E053C9ABF15D} = {C2C90767-1F5A-47FD-A576-A9E9EA72C445}
		{0C47DED2-9A0B-4089-930D-E54A7FECA50B} = {C2C90767-1F5A-47FD-A576-A9E9EA72C445}
		{810CAFB0-AB36-4104-918F-DFED3378AA5D} = {C2C90767-1F5A-47FD-A576-A9E9EA72C445}
	EndGlobalSection
	GlobalSection(ExtensibilityGlobals) = postSolution
		SolutionGuid = {9F6D4482-8641-442F-B2E6-B99DD9299A00}
	EndGlobalSection
EndGlobal
